// !$*UTF8*$!
{
	archiveVersion = 1;
	classes = {
	};
	objectVersion = 50;
	objects = {

/* Begin PBXBuildFile section */
		4757690B23625E12005801D1 /* AppDelegate.swift in Sources */ = {isa = PBXBuildFile; fileRef = 4757690A23625E12005801D1 /* AppDelegate.swift */; };
		4757691723625E14005801D1 /* Assets.xcassets in Resources */ = {isa = PBXBuildFile; fileRef = 4757691623625E14005801D1 /* Assets.xcassets */; };
		4757691A23625E14005801D1 /* LaunchScreen.storyboard in Resources */ = {isa = PBXBuildFile; fileRef = 4757691823625E14005801D1 /* LaunchScreen.storyboard */; };
		4757693623626037005801D1 /* ProductDefaultInteractorManager.swift in Sources */ = {isa = PBXBuildFile; fileRef = 4757692423626037005801D1 /* ProductDefaultInteractorManager.swift */; };
		4757693723626037005801D1 /* ProductDefaultPresenter.swift in Sources */ = {isa = PBXBuildFile; fileRef = 4757692523626037005801D1 /* ProductDefaultPresenter.swift */; };
		4757693823626037005801D1 /* ProductViewController.swift in Sources */ = {isa = PBXBuildFile; fileRef = 4757692723626037005801D1 /* ProductViewController.swift */; };
		4757693923626037005801D1 /* ProductViewController.xib in Resources */ = {isa = PBXBuildFile; fileRef = 4757692823626037005801D1 /* ProductViewController.xib */; };
		4757693A23626037005801D1 /* ProductContract.swift in Sources */ = {isa = PBXBuildFile; fileRef = 4757692923626037005801D1 /* ProductContract.swift */; };
		4757693B23626037005801D1 /* ProductDefaultBuilder.swift in Sources */ = {isa = PBXBuildFile; fileRef = 4757692A23626037005801D1 /* ProductDefaultBuilder.swift */; };
		4757693C23626037005801D1 /* ProductDefaultRouter.swift in Sources */ = {isa = PBXBuildFile; fileRef = 4757692B23626037005801D1 /* ProductDefaultRouter.swift */; };
		4757693D23626037005801D1 /* ProductListDefaultInteractorManager.swift in Sources */ = {isa = PBXBuildFile; fileRef = 4757692E23626037005801D1 /* ProductListDefaultInteractorManager.swift */; };
		4757693E23626037005801D1 /* ProductListDefaultPresenter.swift in Sources */ = {isa = PBXBuildFile; fileRef = 4757692F23626037005801D1 /* ProductListDefaultPresenter.swift */; };
		4757693F23626037005801D1 /* ProductListViewController.swift in Sources */ = {isa = PBXBuildFile; fileRef = 4757693123626037005801D1 /* ProductListViewController.swift */; };
		4757694023626037005801D1 /* ProductListViewController.xib in Resources */ = {isa = PBXBuildFile; fileRef = 4757693223626037005801D1 /* ProductListViewController.xib */; };
		4757694123626037005801D1 /* ProductListContract.swift in Sources */ = {isa = PBXBuildFile; fileRef = 4757693323626037005801D1 /* ProductListContract.swift */; };
		4757694223626037005801D1 /* ProductListDefaultBuilder.swift in Sources */ = {isa = PBXBuildFile; fileRef = 4757693423626037005801D1 /* ProductListDefaultBuilder.swift */; };
		4757694323626037005801D1 /* ProductListDefaultRouter.swift in Sources */ = {isa = PBXBuildFile; fileRef = 4757693523626037005801D1 /* ProductListDefaultRouter.swift */; };
		475769472362604F005801D1 /* ApplicationConstants.swift in Sources */ = {isa = PBXBuildFile; fileRef = 475769442362604F005801D1 /* ApplicationConstants.swift */; };
		475769482362604F005801D1 /* Environments.swift in Sources */ = {isa = PBXBuildFile; fileRef = 475769452362604F005801D1 /* Environments.swift */; };
		475769492362604F005801D1 /* Container.swift in Sources */ = {isa = PBXBuildFile; fileRef = 475769462362604F005801D1 /* Container.swift */; };
		4757695023626482005801D1 /* Colors.xcassets in Resources */ = {isa = PBXBuildFile; fileRef = 4757694F23626482005801D1 /* Colors.xcassets */; };
		475769522362650C005801D1 /* Default-568h@2x.png in Resources */ = {isa = PBXBuildFile; fileRef = 475769512362650C005801D1 /* Default-568h@2x.png */; };
		47576956236269AE005801D1 /* Container+Builders.swift in Sources */ = {isa = PBXBuildFile; fileRef = 47576955236269AE005801D1 /* Container+Builders.swift */; };
		4757695923626BC1005801D1 /* BaseNavigationController.swift in Sources */ = {isa = PBXBuildFile; fileRef = 4757695823626BC1005801D1 /* BaseNavigationController.swift */; };
		477E0AB6236344730003AE52 /* UICollectionView+RegisterNib.swift in Sources */ = {isa = PBXBuildFile; fileRef = 477E0AB5236344730003AE52 /* UICollectionView+RegisterNib.swift */; };
		477E0ABA236357D20003AE52 /* UIImageView+Extended.swift in Sources */ = {isa = PBXBuildFile; fileRef = 477E0AB9236357D20003AE52 /* UIImageView+Extended.swift */; };
		477E0ABC23635CAC0003AE52 /* UICollectionView+Extended.swift in Sources */ = {isa = PBXBuildFile; fileRef = 477E0ABB23635CAC0003AE52 /* UICollectionView+Extended.swift */; };
		477E0ABE23635D9E0003AE52 /* UILabel+Extended.swift in Sources */ = {isa = PBXBuildFile; fileRef = 477E0ABD23635D9E0003AE52 /* UILabel+Extended.swift */; };
		477E0AC4236363DF0003AE52 /* WalmartHTTPRequest.swift in Sources */ = {isa = PBXBuildFile; fileRef = 477E0AC3236363DF0003AE52 /* WalmartHTTPRequest.swift */; };
		477E0ACA236391E40003AE52 /* CosmosDistrib.swift in Sources */ = {isa = PBXBuildFile; fileRef = 477E0AC9236391E40003AE52 /* CosmosDistrib.swift */; };
		477E0AD12363AE220003AE52 /* ProductCollectionViewCell.xib in Resources */ = {isa = PBXBuildFile; fileRef = 477E0ACF2363AE220003AE52 /* ProductCollectionViewCell.xib */; };
		477E0AD22363AE220003AE52 /* ProductCollectionViewCell.swift in Sources */ = {isa = PBXBuildFile; fileRef = 477E0AD02363AE220003AE52 /* ProductCollectionViewCell.swift */; };
		47A8762B2363D3FF0095F709 /* UIScrollViewDelegate+DragDownFromBottom.swift in Sources */ = {isa = PBXBuildFile; fileRef = 47A8762A2363D3FF0095F709 /* UIScrollViewDelegate+DragDownFromBottom.swift */; };
/* End PBXBuildFile section */

/* Begin PBXFileReference section */
		4757690723625E12005801D1 /* WProducts.app */ = {isa = PBXFileReference; explicitFileType = wrapper.application; includeInIndex = 0; path = WProducts.app; sourceTree = BUILT_PRODUCTS_DIR; };
		4757690A23625E12005801D1 /* AppDelegate.swift */ = {isa = PBXFileReference; lastKnownFileType = sourcecode.swift; path = AppDelegate.swift; sourceTree = "<group>"; };
		4757691623625E14005801D1 /* Assets.xcassets */ = {isa = PBXFileReference; lastKnownFileType = folder.assetcatalog; path = Assets.xcassets; sourceTree = "<group>"; };
		4757691923625E14005801D1 /* Base */ = {isa = PBXFileReference; lastKnownFileType = file.storyboard; name = Base; path = Base.lproj/LaunchScreen.storyboard; sourceTree = "<group>"; };
		4757691B23625E14005801D1 /* Info.plist */ = {isa = PBXFileReference; lastKnownFileType = text.plist.xml; path = Info.plist; sourceTree = "<group>"; };
		4757692423626037005801D1 /* ProductDefaultInteractorManager.swift */ = {isa = PBXFileReference; fileEncoding = 4; lastKnownFileType = sourcecode.swift; path = ProductDefaultInteractorManager.swift; sourceTree = "<group>"; };
		4757692523626037005801D1 /* ProductDefaultPresenter.swift */ = {isa = PBXFileReference; fileEncoding = 4; lastKnownFileType = sourcecode.swift; path = ProductDefaultPresenter.swift; sourceTree = "<group>"; };
		4757692723626037005801D1 /* ProductViewController.swift */ = {isa = PBXFileReference; fileEncoding = 4; lastKnownFileType = sourcecode.swift; path = ProductViewController.swift; sourceTree = "<group>"; };
		4757692823626037005801D1 /* ProductViewController.xib */ = {isa = PBXFileReference; fileEncoding = 4; lastKnownFileType = file.xib; path = ProductViewController.xib; sourceTree = "<group>"; };
		4757692923626037005801D1 /* ProductContract.swift */ = {isa = PBXFileReference; fileEncoding = 4; lastKnownFileType = sourcecode.swift; path = ProductContract.swift; sourceTree = "<group>"; };
		4757692A23626037005801D1 /* ProductDefaultBuilder.swift */ = {isa = PBXFileReference; fileEncoding = 4; lastKnownFileType = sourcecode.swift; path = ProductDefaultBuilder.swift; sourceTree = "<group>"; };
		4757692B23626037005801D1 /* ProductDefaultRouter.swift */ = {isa = PBXFileReference; fileEncoding = 4; lastKnownFileType = sourcecode.swift; path = ProductDefaultRouter.swift; sourceTree = "<group>"; };
		4757692E23626037005801D1 /* ProductListDefaultInteractorManager.swift */ = {isa = PBXFileReference; fileEncoding = 4; lastKnownFileType = sourcecode.swift; path = ProductListDefaultInteractorManager.swift; sourceTree = "<group>"; };
		4757692F23626037005801D1 /* ProductListDefaultPresenter.swift */ = {isa = PBXFileReference; fileEncoding = 4; lastKnownFileType = sourcecode.swift; path = ProductListDefaultPresenter.swift; sourceTree = "<group>"; };
		4757693123626037005801D1 /* ProductListViewController.swift */ = {isa = PBXFileReference; fileEncoding = 4; lastKnownFileType = sourcecode.swift; path = ProductListViewController.swift; sourceTree = "<group>"; };
		4757693223626037005801D1 /* ProductListViewController.xib */ = {isa = PBXFileReference; fileEncoding = 4; lastKnownFileType = file.xib; path = ProductListViewController.xib; sourceTree = "<group>"; };
		4757693323626037005801D1 /* ProductListContract.swift */ = {isa = PBXFileReference; fileEncoding = 4; lastKnownFileType = sourcecode.swift; path = ProductListContract.swift; sourceTree = "<group>"; };
		4757693423626037005801D1 /* ProductListDefaultBuilder.swift */ = {isa = PBXFileReference; fileEncoding = 4; lastKnownFileType = sourcecode.swift; path = ProductListDefaultBuilder.swift; sourceTree = "<group>"; };
		4757693523626037005801D1 /* ProductListDefaultRouter.swift */ = {isa = PBXFileReference; fileEncoding = 4; lastKnownFileType = sourcecode.swift; path = ProductListDefaultRouter.swift; sourceTree = "<group>"; };
		475769442362604F005801D1 /* ApplicationConstants.swift */ = {isa = PBXFileReference; fileEncoding = 4; lastKnownFileType = sourcecode.swift; path = ApplicationConstants.swift; sourceTree = "<group>"; };
		475769452362604F005801D1 /* Environments.swift */ = {isa = PBXFileReference; fileEncoding = 4; lastKnownFileType = sourcecode.swift; path = Environments.swift; sourceTree = "<group>"; };
		475769462362604F005801D1 /* Container.swift */ = {isa = PBXFileReference; fileEncoding = 4; lastKnownFileType = sourcecode.swift; path = Container.swift; sourceTree = "<group>"; };
		4757694F23626482005801D1 /* Colors.xcassets */ = {isa = PBXFileReference; lastKnownFileType = folder.assetcatalog; path = Colors.xcassets; sourceTree = "<group>"; };
		475769512362650C005801D1 /* Default-568h@2x.png */ = {isa = PBXFileReference; lastKnownFileType = image.png; path = "Default-568h@2x.png"; sourceTree = "<group>"; };
		47576955236269AE005801D1 /* Container+Builders.swift */ = {isa = PBXFileReference; lastKnownFileType = sourcecode.swift; path = "Container+Builders.swift"; sourceTree = "<group>"; };
		4757695823626BC1005801D1 /* BaseNavigationController.swift */ = {isa = PBXFileReference; fileEncoding = 4; lastKnownFileType = sourcecode.swift; path = BaseNavigationController.swift; sourceTree = "<group>"; };
		477E0AB5236344730003AE52 /* UICollectionView+RegisterNib.swift */ = {isa = PBXFileReference; fileEncoding = 4; lastKnownFileType = sourcecode.swift; path = "UICollectionView+RegisterNib.swift"; sourceTree = "<group>"; };
		477E0AB9236357D20003AE52 /* UIImageView+Extended.swift */ = {isa = PBXFileReference; lastKnownFileType = sourcecode.swift; path = "UIImageView+Extended.swift"; sourceTree = "<group>"; };
		477E0ABB23635CAC0003AE52 /* UICollectionView+Extended.swift */ = {isa = PBXFileReference; lastKnownFileType = sourcecode.swift; path = "UICollectionView+Extended.swift"; sourceTree = "<group>"; };
		477E0ABD23635D9E0003AE52 /* UILabel+Extended.swift */ = {isa = PBXFileReference; lastKnownFileType = sourcecode.swift; path = "UILabel+Extended.swift"; sourceTree = "<group>"; };
		477E0AC3236363DF0003AE52 /* WalmartHTTPRequest.swift */ = {isa = PBXFileReference; lastKnownFileType = sourcecode.swift; path = WalmartHTTPRequest.swift; sourceTree = "<group>"; };
		477E0AC9236391E40003AE52 /* CosmosDistrib.swift */ = {isa = PBXFileReference; lastKnownFileType = sourcecode.swift; path = CosmosDistrib.swift; sourceTree = "<group>"; };
		477E0ACF2363AE220003AE52 /* ProductCollectionViewCell.xib */ = {isa = PBXFileReference; fileEncoding = 4; lastKnownFileType = file.xib; name = ProductCollectionViewCell.xib; path = WProducts/ProductList/Core/View/Cell/ProductCollectionViewCell.xib; sourceTree = SOURCE_ROOT; };
		477E0AD02363AE220003AE52 /* ProductCollectionViewCell.swift */ = {isa = PBXFileReference; fileEncoding = 4; lastKnownFileType = sourcecode.swift; name = ProductCollectionViewCell.swift; path = WProducts/ProductList/Core/View/Cell/ProductCollectionViewCell.swift; sourceTree = SOURCE_ROOT; };
		47A8762A2363D3FF0095F709 /* UIScrollViewDelegate+DragDownFromBottom.swift */ = {isa = PBXFileReference; lastKnownFileType = sourcecode.swift; path = "UIScrollViewDelegate+DragDownFromBottom.swift"; sourceTree = "<group>"; };
/* End PBXFileReference section */

/* Begin PBXFrameworksBuildPhase section */
		4757690423625E12005801D1 /* Frameworks */ = {
			isa = PBXFrameworksBuildPhase;
			buildActionMask = 2147483647;
			files = (
			);
			runOnlyForDeploymentPostprocessing = 0;
		};
/* End PBXFrameworksBuildPhase section */

/* Begin PBXGroup section */
		475768FE23625E12005801D1 = {
			isa = PBXGroup;
			children = (
				4757690923625E12005801D1 /* WProducts */,
				4757690823625E12005801D1 /* Products */,
			);
			sourceTree = "<group>";
		};
		4757690823625E12005801D1 /* Products */ = {
			isa = PBXGroup;
			children = (
				4757690723625E12005801D1 /* WProducts.app */,
			);
			name = Products;
			sourceTree = "<group>";
		};
		4757690923625E12005801D1 /* WProducts */ = {
			isa = PBXGroup;
			children = (
				4757691B23625E14005801D1 /* Info.plist */,
				4757694D236260EB005801D1 /* Infrastructure */,
				475769212362602C005801D1 /* UI */,
				4757694E23626150005801D1 /* Resources */,
				4757694A23626071005801D1 /* Supporting Files */,
			);
			path = WProducts;
			sourceTree = "<group>";
		};
		475769212362602C005801D1 /* UI */ = {
			isa = PBXGroup;
			children = (
				4757695723626BB2005801D1 /* Base */,
				477E0AB4236344730003AE52 /* Extensions */,
				4757692223626037005801D1 /* Product */,
				4757692C23626037005801D1 /* ProductList */,
			);
			path = UI;
			sourceTree = "<group>";
		};
		4757692223626037005801D1 /* Product */ = {
			isa = PBXGroup;
			children = (
				4757692923626037005801D1 /* ProductContract.swift */,
				4757692A23626037005801D1 /* ProductDefaultBuilder.swift */,
				4757692B23626037005801D1 /* ProductDefaultRouter.swift */,
				4757692323626037005801D1 /* Core */,
			);
			name = Product;
			path = WProducts/Product;
			sourceTree = SOURCE_ROOT;
		};
		4757692323626037005801D1 /* Core */ = {
			isa = PBXGroup;
			children = (
				4757692423626037005801D1 /* ProductDefaultInteractorManager.swift */,
				4757692523626037005801D1 /* ProductDefaultPresenter.swift */,
				4757692623626037005801D1 /* View */,
			);
			path = Core;
			sourceTree = "<group>";
		};
		4757692623626037005801D1 /* View */ = {
			isa = PBXGroup;
			children = (
				4757692723626037005801D1 /* ProductViewController.swift */,
				4757692823626037005801D1 /* ProductViewController.xib */,
			);
			path = View;
			sourceTree = "<group>";
		};
		4757692C23626037005801D1 /* ProductList */ = {
			isa = PBXGroup;
			children = (
				4757693323626037005801D1 /* ProductListContract.swift */,
				4757693423626037005801D1 /* ProductListDefaultBuilder.swift */,
				4757693523626037005801D1 /* ProductListDefaultRouter.swift */,
				4757692D23626037005801D1 /* Core */,
			);
			name = ProductList;
			path = WProducts/ProductList;
			sourceTree = SOURCE_ROOT;
		};
		4757692D23626037005801D1 /* Core */ = {
			isa = PBXGroup;
			children = (
				4757692E23626037005801D1 /* ProductListDefaultInteractorManager.swift */,
				4757692F23626037005801D1 /* ProductListDefaultPresenter.swift */,
				4757693023626037005801D1 /* View */,
			);
			path = Core;
			sourceTree = "<group>";
		};
		4757693023626037005801D1 /* View */ = {
			isa = PBXGroup;
			children = (
				477E0AAF236344330003AE52 /* Cell */,
				4757693123626037005801D1 /* ProductListViewController.swift */,
				4757693223626037005801D1 /* ProductListViewController.xib */,
			);
			path = View;
			sourceTree = "<group>";
		};
		4757694A23626071005801D1 /* Supporting Files */ = {
			isa = PBXGroup;
			children = (
				475769512362650C005801D1 /* Default-568h@2x.png */,
				4757691823625E14005801D1 /* LaunchScreen.storyboard */,
				477E0AC9236391E40003AE52 /* CosmosDistrib.swift */,
			);
			path = "Supporting Files";
			sourceTree = "<group>";
		};
		4757694C236260C9005801D1 /* Container */ = {
			isa = PBXGroup;
			children = (
				475769462362604F005801D1 /* Container.swift */,
				47576955236269AE005801D1 /* Container+Builders.swift */,
			);
			path = Container;
			sourceTree = "<group>";
		};
		4757694D236260EB005801D1 /* Infrastructure */ = {
			isa = PBXGroup;
			children = (
				477E0AC1236360F50003AE52 /* Repository */,
				4757690A23625E12005801D1 /* AppDelegate.swift */,
				475769442362604F005801D1 /* ApplicationConstants.swift */,
				475769452362604F005801D1 /* Environments.swift */,
				4757694C236260C9005801D1 /* Container */,
			);
			path = Infrastructure;
			sourceTree = "<group>";
		};
		4757694E23626150005801D1 /* Resources */ = {
			isa = PBXGroup;
			children = (
				4757691623625E14005801D1 /* Assets.xcassets */,
				4757694F23626482005801D1 /* Colors.xcassets */,
			);
			path = Resources;
			sourceTree = "<group>";
		};
		4757695723626BB2005801D1 /* Base */ = {
			isa = PBXGroup;
			children = (
				4757695823626BC1005801D1 /* BaseNavigationController.swift */,
			);
			path = Base;
			sourceTree = "<group>";
		};
		477E0AAF236344330003AE52 /* Cell */ = {
			isa = PBXGroup;
			children = (
				477E0AD02363AE220003AE52 /* ProductCollectionViewCell.swift */,
				477E0ACF2363AE220003AE52 /* ProductCollectionViewCell.xib */,
			);
			name = Cell;
			path = "../../../../../../WProducts copy/WProducts/WProducts/ProductList/Core/View/Cell";
			sourceTree = "<group>";
		};
		477E0AB4236344730003AE52 /* Extensions */ = {
			isa = PBXGroup;
			children = (
				477E0AB5236344730003AE52 /* UICollectionView+RegisterNib.swift */,
				477E0ABB23635CAC0003AE52 /* UICollectionView+Extended.swift */,
				477E0AB9236357D20003AE52 /* UIImageView+Extended.swift */,
				477E0ABD23635D9E0003AE52 /* UILabel+Extended.swift */,
				47A8762A2363D3FF0095F709 /* UIScrollViewDelegate+DragDownFromBottom.swift */,
			);
			path = Extensions;
			sourceTree = "<group>";
		};
		477E0AC1236360F50003AE52 /* Repository */ = {
			isa = PBXGroup;
			children = (
				477E0AC2236363B20003AE52 /* Networking */,
			);
			path = Repository;
			sourceTree = "<group>";
		};
		477E0AC2236363B20003AE52 /* Networking */ = {
			isa = PBXGroup;
			children = (
				477E0AC3236363DF0003AE52 /* WalmartHTTPRequest.swift */,
			);
			path = Networking;
			sourceTree = "<group>";
		};
/* End PBXGroup section */

/* Begin PBXNativeTarget section */
		4757690623625E12005801D1 /* WProducts */ = {
			isa = PBXNativeTarget;
			buildConfigurationList = 4757691E23625E14005801D1 /* Build configuration list for PBXNativeTarget "WProducts" */;
			buildPhases = (
				4757690323625E12005801D1 /* Sources */,
				4757690423625E12005801D1 /* Frameworks */,
				4757690523625E12005801D1 /* Resources */,
			);
			buildRules = (
			);
			dependencies = (
			);
			name = WProducts;
			productName = WProducts;
			productReference = 4757690723625E12005801D1 /* WProducts.app */;
			productType = "com.apple.product-type.application";
		};
/* End PBXNativeTarget section */

/* Begin PBXProject section */
		475768FF23625E12005801D1 /* Project object */ = {
			isa = PBXProject;
			attributes = {
				LastSwiftUpdateCheck = 1110;
				LastUpgradeCheck = 1110;
				ORGANIZATIONNAME = "Happy Computer";
				TargetAttributes = {
					4757690623625E12005801D1 = {
						CreatedOnToolsVersion = 11.1;
					};
				};
			};
			buildConfigurationList = 4757690223625E12005801D1 /* Build configuration list for PBXProject "WProducts" */;
			compatibilityVersion = "Xcode 9.3";
			developmentRegion = en;
			hasScannedForEncodings = 0;
			knownRegions = (
				en,
				Base,
			);
			mainGroup = 475768FE23625E12005801D1;
			productRefGroup = 4757690823625E12005801D1 /* Products */;
			projectDirPath = "";
			projectRoot = "";
			targets = (
				4757690623625E12005801D1 /* WProducts */,
			);
		};
/* End PBXProject section */

/* Begin PBXResourcesBuildPhase section */
		4757690523625E12005801D1 /* Resources */ = {
			isa = PBXResourcesBuildPhase;
			buildActionMask = 2147483647;
			files = (
				4757691A23625E14005801D1 /* LaunchScreen.storyboard in Resources */,
				4757691723625E14005801D1 /* Assets.xcassets in Resources */,
				4757693923626037005801D1 /* ProductViewController.xib in Resources */,
				477E0AD12363AE220003AE52 /* ProductCollectionViewCell.xib in Resources */,
				4757695023626482005801D1 /* Colors.xcassets in Resources */,
				4757694023626037005801D1 /* ProductListViewController.xib in Resources */,
				475769522362650C005801D1 /* Default-568h@2x.png in Resources */,
			);
			runOnlyForDeploymentPostprocessing = 0;
		};
/* End PBXResourcesBuildPhase section */

/* Begin PBXSourcesBuildPhase section */
		4757690323625E12005801D1 /* Sources */ = {
			isa = PBXSourcesBuildPhase;
			buildActionMask = 2147483647;
			files = (
				477E0AB6236344730003AE52 /* UICollectionView+RegisterNib.swift in Sources */,
				47576956236269AE005801D1 /* Container+Builders.swift in Sources */,
				4757693A23626037005801D1 /* ProductContract.swift in Sources */,
				477E0ACA236391E40003AE52 /* CosmosDistrib.swift in Sources */,
				477E0ABE23635D9E0003AE52 /* UILabel+Extended.swift in Sources */,
				477E0AC4236363DF0003AE52 /* WalmartHTTPRequest.swift in Sources */,
				4757693D23626037005801D1 /* ProductListDefaultInteractorManager.swift in Sources */,
				47A8762B2363D3FF0095F709 /* UIScrollViewDelegate+DragDownFromBottom.swift in Sources */,
				477E0ABC23635CAC0003AE52 /* UICollectionView+Extended.swift in Sources */,
				4757694123626037005801D1 /* ProductListContract.swift in Sources */,
				4757693623626037005801D1 /* ProductDefaultInteractorManager.swift in Sources */,
				4757695923626BC1005801D1 /* BaseNavigationController.swift in Sources */,
				475769482362604F005801D1 /* Environments.swift in Sources */,
				475769472362604F005801D1 /* ApplicationConstants.swift in Sources */,
				4757693723626037005801D1 /* ProductDefaultPresenter.swift in Sources */,
				4757693C23626037005801D1 /* ProductDefaultRouter.swift in Sources */,
				4757694223626037005801D1 /* ProductListDefaultBuilder.swift in Sources */,
				4757693823626037005801D1 /* ProductViewController.swift in Sources */,
				4757693B23626037005801D1 /* ProductDefaultBuilder.swift in Sources */,
				4757694323626037005801D1 /* ProductListDefaultRouter.swift in Sources */,
				4757693E23626037005801D1 /* ProductListDefaultPresenter.swift in Sources */,
				477E0ABA236357D20003AE52 /* UIImageView+Extended.swift in Sources */,
				4757693F23626037005801D1 /* ProductListViewController.swift in Sources */,
				477E0AD22363AE220003AE52 /* ProductCollectionViewCell.swift in Sources */,
				4757690B23625E12005801D1 /* AppDelegate.swift in Sources */,
				475769492362604F005801D1 /* Container.swift in Sources */,
			);
			runOnlyForDeploymentPostprocessing = 0;
		};
/* End PBXSourcesBuildPhase section */

/* Begin PBXVariantGroup section */
		4757691823625E14005801D1 /* LaunchScreen.storyboard */ = {
			isa = PBXVariantGroup;
			children = (
				4757691923625E14005801D1 /* Base */,
			);
			name = LaunchScreen.storyboard;
			sourceTree = "<group>";
		};
/* End PBXVariantGroup section */

/* Begin XCBuildConfiguration section */
		4757691C23625E14005801D1 /* Debug */ = {
			isa = XCBuildConfiguration;
			buildSettings = {
				ALWAYS_SEARCH_USER_PATHS = NO;
				CLANG_ANALYZER_NONNULL = YES;
				CLANG_ANALYZER_NUMBER_OBJECT_CONVERSION = YES_AGGRESSIVE;
				CLANG_CXX_LANGUAGE_STANDARD = "gnu++14";
				CLANG_CXX_LIBRARY = "libc++";
				CLANG_ENABLE_MODULES = YES;
				CLANG_ENABLE_OBJC_ARC = YES;
				CLANG_ENABLE_OBJC_WEAK = YES;
				CLANG_WARN_BLOCK_CAPTURE_AUTORELEASING = YES;
				CLANG_WARN_BOOL_CONVERSION = YES;
				CLANG_WARN_COMMA = YES;
				CLANG_WARN_CONSTANT_CONVERSION = YES;
				CLANG_WARN_DEPRECATED_OBJC_IMPLEMENTATIONS = YES;
				CLANG_WARN_DIRECT_OBJC_ISA_USAGE = YES_ERROR;
				CLANG_WARN_DOCUMENTATION_COMMENTS = YES;
				CLANG_WARN_EMPTY_BODY = YES;
				CLANG_WARN_ENUM_CONVERSION = YES;
				CLANG_WARN_INFINITE_RECURSION = YES;
				CLANG_WARN_INT_CONVERSION = YES;
				CLANG_WARN_NON_LITERAL_NULL_CONVERSION = YES;
				CLANG_WARN_OBJC_IMPLICIT_RETAIN_SELF = YES;
				CLANG_WARN_OBJC_LITERAL_CONVERSION = YES;
				CLANG_WARN_OBJC_ROOT_CLASS = YES_ERROR;
				CLANG_WARN_RANGE_LOOP_ANALYSIS = YES;
				CLANG_WARN_STRICT_PROTOTYPES = YES;
				CLANG_WARN_SUSPICIOUS_MOVE = YES;
				CLANG_WARN_UNGUARDED_AVAILABILITY = YES_AGGRESSIVE;
				CLANG_WARN_UNREACHABLE_CODE = YES;
				CLANG_WARN__DUPLICATE_METHOD_MATCH = YES;
				COPY_PHASE_STRIP = NO;
				DEBUG_INFORMATION_FORMAT = dwarf;
				ENABLE_STRICT_OBJC_MSGSEND = YES;
				ENABLE_TESTABILITY = YES;
				GCC_C_LANGUAGE_STANDARD = gnu11;
				GCC_DYNAMIC_NO_PIC = NO;
				GCC_NO_COMMON_BLOCKS = YES;
				GCC_OPTIMIZATION_LEVEL = 0;
				GCC_PREPROCESSOR_DEFINITIONS = (
					"DEBUG=1",
					"$(inherited)",
				);
				GCC_WARN_64_TO_32_BIT_CONVERSION = YES;
				GCC_WARN_ABOUT_RETURN_TYPE = YES_ERROR;
				GCC_WARN_UNDECLARED_SELECTOR = YES;
				GCC_WARN_UNINITIALIZED_AUTOS = YES_AGGRESSIVE;
				GCC_WARN_UNUSED_FUNCTION = YES;
				GCC_WARN_UNUSED_VARIABLE = YES;
				IPHONEOS_DEPLOYMENT_TARGET = 13.1;
				MTL_ENABLE_DEBUG_INFO = INCLUDE_SOURCE;
				MTL_FAST_MATH = YES;
				ONLY_ACTIVE_ARCH = YES;
				SDKROOT = iphoneos;
				SWIFT_ACTIVE_COMPILATION_CONDITIONS = DEBUG;
				SWIFT_OPTIMIZATION_LEVEL = "-Onone";
			};
			name = Debug;
		};
		4757691D23625E14005801D1 /* Release */ = {
			isa = XCBuildConfiguration;
			buildSettings = {
				ALWAYS_SEARCH_USER_PATHS = NO;
				CLANG_ANALYZER_NONNULL = YES;
				CLANG_ANALYZER_NUMBER_OBJECT_CONVERSION = YES_AGGRESSIVE;
				CLANG_CXX_LANGUAGE_STANDARD = "gnu++14";
				CLANG_CXX_LIBRARY = "libc++";
				CLANG_ENABLE_MODULES = YES;
				CLANG_ENABLE_OBJC_ARC = YES;
				CLANG_ENABLE_OBJC_WEAK = YES;
				CLANG_WARN_BLOCK_CAPTURE_AUTORELEASING = YES;
				CLANG_WARN_BOOL_CONVERSION = YES;
				CLANG_WARN_COMMA = YES;
				CLANG_WARN_CONSTANT_CONVERSION = YES;
				CLANG_WARN_DEPRECATED_OBJC_IMPLEMENTATIONS = YES;
				CLANG_WARN_DIRECT_OBJC_ISA_USAGE = YES_ERROR;
				CLANG_WARN_DOCUMENTATION_COMMENTS = YES;
				CLANG_WARN_EMPTY_BODY = YES;
				CLANG_WARN_ENUM_CONVERSION = YES;
				CLANG_WARN_INFINITE_RECURSION = YES;
				CLANG_WARN_INT_CONVERSION = YES;
				CLANG_WARN_NON_LITERAL_NULL_CONVERSION = YES;
				CLANG_WARN_OBJC_IMPLICIT_RETAIN_SELF = YES;
				CLANG_WARN_OBJC_LITERAL_CONVERSION = YES;
				CLANG_WARN_OBJC_ROOT_CLASS = YES_ERROR;
				CLANG_WARN_RANGE_LOOP_ANALYSIS = YES;
				CLANG_WARN_STRICT_PROTOTYPES = YES;
				CLANG_WARN_SUSPICIOUS_MOVE = YES;
				CLANG_WARN_UNGUARDED_AVAILABILITY = YES_AGGRESSIVE;
				CLANG_WARN_UNREACHABLE_CODE = YES;
				CLANG_WARN__DUPLICATE_METHOD_MATCH = YES;
				COPY_PHASE_STRIP = NO;
				DEBUG_INFORMATION_FORMAT = "dwarf-with-dsym";
				ENABLE_NS_ASSERTIONS = NO;
				ENABLE_STRICT_OBJC_MSGSEND = YES;
				GCC_C_LANGUAGE_STANDARD = gnu11;
				GCC_NO_COMMON_BLOCKS = YES;
				GCC_WARN_64_TO_32_BIT_CONVERSION = YES;
				GCC_WARN_ABOUT_RETURN_TYPE = YES_ERROR;
				GCC_WARN_UNDECLARED_SELECTOR = YES;
				GCC_WARN_UNINITIALIZED_AUTOS = YES_AGGRESSIVE;
				GCC_WARN_UNUSED_FUNCTION = YES;
				GCC_WARN_UNUSED_VARIABLE = YES;
				IPHONEOS_DEPLOYMENT_TARGET = 13.1;
				MTL_ENABLE_DEBUG_INFO = NO;
				MTL_FAST_MATH = YES;
				SDKROOT = iphoneos;
				SWIFT_COMPILATION_MODE = wholemodule;
				SWIFT_OPTIMIZATION_LEVEL = "-O";
				VALIDATE_PRODUCT = YES;
			};
			name = Release;
		};
		4757691F23625E14005801D1 /* Debug */ = {
			isa = XCBuildConfiguration;
			buildSettings = {
				ASSETCATALOG_COMPILER_APPICON_NAME = AppIcon;
				CODE_SIGN_STYLE = Automatic;
				DEVELOPMENT_TEAM = 2XVFC36R4T;
				INFOPLIST_FILE = WProducts/Info.plist;
				LD_RUNPATH_SEARCH_PATHS = (
					"$(inherited)",
					"@executable_path/Frameworks",
				);
				MARKETING_VERSION = 2019.1;
				PRODUCT_BUNDLE_IDENTIFIER = brc.li.WProducts;
				PRODUCT_NAME = "$(TARGET_NAME)";
				SWIFT_VERSION = 5.0;
				TARGETED_DEVICE_FAMILY = "1,2";
			};
			name = Debug;
		};
		4757692023625E14005801D1 /* Release */ = {
			isa = XCBuildConfiguration;
			buildSettings = {
				ASSETCATALOG_COMPILER_APPICON_NAME = AppIcon;
				CODE_SIGN_STYLE = Automatic;
				DEVELOPMENT_TEAM = 2XVFC36R4T;
				INFOPLIST_FILE = WProducts/Info.plist;
				LD_RUNPATH_SEARCH_PATHS = (
					"$(inherited)",
					"@executable_path/Frameworks",
				);
				MARKETING_VERSION = 2019.1;
				PRODUCT_BUNDLE_IDENTIFIER = brc.li.WProducts;
				PRODUCT_NAME = "$(TARGET_NAME)";
				SWIFT_VERSION = 5.0;
				TARGETED_DEVICE_FAMILY = "1,2";
			};
			name = Release;
		};
/* End XCBuildConfiguration section */

/* Begin XCConfigurationList section */
		4757690223625E12005801D1 /* Build configuration list for PBXProject "WProducts" */ = {
			isa = XCConfigurationList;
			buildConfigurations = (
				4757691C23625E14005801D1 /* Debug */,
				4757691D23625E14005801D1 /* Release */,
			);
			defaultConfigurationIsVisible = 0;
			defaultConfigurationName = Release;
		};
		4757691E23625E14005801D1 /* Build configuration list for PBXNativeTarget "WProducts" */ = {
			isa = XCConfigurationList;
			buildConfigurations = (
				4757691F23625E14005801D1 /* Debug */,
				4757692023625E14005801D1 /* Release */,
			);
			defaultConfigurationIsVisible = 0;
			defaultConfigurationName = Release;
		};
/* End XCConfigurationList section */
	};
	rootObject = 475768FF23625E12005801D1 /* Project object */;
}
